// !$*UTF8*$!
{
	archiveVersion = 1;
	classes = {
	};
	objectVersion = 56;
	objects = {

/* Begin PBXBuildFile section */
		BA782BD1293E4F88009C80D0 /* shortApp.swift in Sources */ = {isa = PBXBuildFile; fileRef = BA782BD0293E4F88009C80D0 /* shortApp.swift */; };
		BA782BD3293E4F88009C80D0 /* ContentView.swift in Sources */ = {isa = PBXBuildFile; fileRef = BA782BD2293E4F88009C80D0 /* ContentView.swift */; };
		BA782BD5293E4F8D009C80D0 /* Assets.xcassets in Resources */ = {isa = PBXBuildFile; fileRef = BA782BD4293E4F8D009C80D0 /* Assets.xcassets */; };
		BA782BD8293E4F8D009C80D0 /* Preview Assets.xcassets in Resources */ = {isa = PBXBuildFile; fileRef = BA782BD7293E4F8D009C80D0 /* Preview Assets.xcassets */; };
		BA782BED293E5253009C80D0 /* Home.swift in Sources */ = {isa = PBXBuildFile; fileRef = BA782BEC293E5253009C80D0 /* Home.swift */; };
		BA782BEF293EE35D009C80D0 /* Feed.swift in Sources */ = {isa = PBXBuildFile; fileRef = BA782BEE293EE35C009C80D0 /* Feed.swift */; };
		BA782BF1293EE36E009C80D0 /* Search.swift in Sources */ = {isa = PBXBuildFile; fileRef = BA782BF0293EE36E009C80D0 /* Search.swift */; };
		BA782BF3293EE384009C80D0 /* Notificaations.swift in Sources */ = {isa = PBXBuildFile; fileRef = BA782BF2293EE384009C80D0 /* Notificaations.swift */; };
		BA782BF5293EE392009C80D0 /* Messages.swift in Sources */ = {isa = PBXBuildFile; fileRef = BA782BF4293EE392009C80D0 /* Messages.swift */; };
		BA782BF7293EEDEF009C80D0 /* CreateShortView.swift in Sources */ = {isa = PBXBuildFile; fileRef = BA782BF6293EEDEF009C80D0 /* CreateShortView.swift */; };
		BA782BF9293EEFE0009C80D0 /* MultiLineTextField.swift in Sources */ = {isa = PBXBuildFile; fileRef = BA782BF8293EEFE0009C80D0 /* MultiLineTextField.swift */; };
		BA782BFB293F943A009C80D0 /* ShortCellView.swift in Sources */ = {isa = PBXBuildFile; fileRef = BA782BFA293F943A009C80D0 /* ShortCellView.swift */; };
		BA782BFD2940F992009C80D0 /* SearchCell.swift in Sources */ = {isa = PBXBuildFile; fileRef = BA782BFC2940F992009C80D0 /* SearchCell.swift */; };
		BA782BFF2942458D009C80D0 /* SearchBar.swift in Sources */ = {isa = PBXBuildFile; fileRef = BA782BFE2942458D009C80D0 /* SearchBar.swift */; };
		BA782C0129424D82009C80D0 /* UserCell.swift in Sources */ = {isa = PBXBuildFile; fileRef = BA782C0029424D82009C80D0 /* UserCell.swift */; };
		BA782C032942BE6D009C80D0 /* Extensions.swift in Sources */ = {isa = PBXBuildFile; fileRef = BA782C022942BE6D009C80D0 /* Extensions.swift */; };
/* End PBXBuildFile section */

/* Begin PBXFileReference section */
		BA782BCD293E4F88009C80D0 /* short.app */ = {isa = PBXFileReference; explicitFileType = wrapper.application; includeInIndex = 0; path = short.app; sourceTree = BUILT_PRODUCTS_DIR; };
		BA782BD0293E4F88009C80D0 /* shortApp.swift */ = {isa = PBXFileReference; lastKnownFileType = sourcecode.swift; path = shortApp.swift; sourceTree = "<group>"; };
		BA782BD2293E4F88009C80D0 /* ContentView.swift */ = {isa = PBXFileReference; lastKnownFileType = sourcecode.swift; path = ContentView.swift; sourceTree = "<group>"; };
		BA782BD4293E4F8D009C80D0 /* Assets.xcassets */ = {isa = PBXFileReference; lastKnownFileType = folder.assetcatalog; path = Assets.xcassets; sourceTree = "<group>"; };
		BA782BD7293E4F8D009C80D0 /* Preview Assets.xcassets */ = {isa = PBXFileReference; lastKnownFileType = folder.assetcatalog; path = "Preview Assets.xcassets"; sourceTree = "<group>"; };
		BA782BEC293E5253009C80D0 /* Home.swift */ = {isa = PBXFileReference; lastKnownFileType = sourcecode.swift; path = Home.swift; sourceTree = "<group>"; };
		BA782BEE293EE35C009C80D0 /* Feed.swift */ = {isa = PBXFileReference; lastKnownFileType = sourcecode.swift; path = Feed.swift; sourceTree = "<group>"; };
		BA782BF0293EE36E009C80D0 /* Search.swift */ = {isa = PBXFileReference; lastKnownFileType = sourcecode.swift; path = Search.swift; sourceTree = "<group>"; };
		BA782BF2293EE384009C80D0 /* Notificaations.swift */ = {isa = PBXFileReference; lastKnownFileType = sourcecode.swift; path = Notificaations.swift; sourceTree = "<group>"; };
		BA782BF4293EE392009C80D0 /* Messages.swift */ = {isa = PBXFileReference; lastKnownFileType = sourcecode.swift; path = Messages.swift; sourceTree = "<group>"; };
		BA782BF6293EEDEF009C80D0 /* CreateShortView.swift */ = {isa = PBXFileReference; lastKnownFileType = sourcecode.swift; path = CreateShortView.swift; sourceTree = "<group>"; };
		BA782BF8293EEFE0009C80D0 /* MultiLineTextField.swift */ = {isa = PBXFileReference; lastKnownFileType = sourcecode.swift; path = MultiLineTextField.swift; sourceTree = "<group>"; };
		BA782BFA293F943A009C80D0 /* ShortCellView.swift */ = {isa = PBXFileReference; lastKnownFileType = sourcecode.swift; path = ShortCellView.swift; sourceTree = "<group>"; };
		BA782BFC2940F992009C80D0 /* SearchCell.swift */ = {isa = PBXFileReference; lastKnownFileType = sourcecode.swift; path = SearchCell.swift; sourceTree = "<group>"; };
		BA782BFE2942458D009C80D0 /* SearchBar.swift */ = {isa = PBXFileReference; lastKnownFileType = sourcecode.swift; path = SearchBar.swift; sourceTree = "<group>"; };
		BA782C0029424D82009C80D0 /* UserCell.swift */ = {isa = PBXFileReference; lastKnownFileType = sourcecode.swift; path = UserCell.swift; sourceTree = "<group>"; };
		BA782C022942BE6D009C80D0 /* Extensions.swift */ = {isa = PBXFileReference; lastKnownFileType = sourcecode.swift; path = Extensions.swift; sourceTree = "<group>"; };
/* End PBXFileReference section */

/* Begin PBXFrameworksBuildPhase section */
		BA782BCA293E4F88009C80D0 /* Frameworks */ = {
			isa = PBXFrameworksBuildPhase;
			buildActionMask = 2147483647;
			files = (
			);
			runOnlyForDeploymentPostprocessing = 0;
		};
/* End PBXFrameworksBuildPhase section */

/* Begin PBXGroup section */
		BA782BC4293E4F88009C80D0 = {
			isa = PBXGroup;
			children = (
				BA782BCF293E4F88009C80D0 /* short */,
				BA782BCE293E4F88009C80D0 /* Products */,
			);
			sourceTree = "<group>";
		};
		BA782BCE293E4F88009C80D0 /* Products */ = {
			isa = PBXGroup;
			children = (
				BA782BCD293E4F88009C80D0 /* short.app */,
			);
			name = Products;
			sourceTree = "<group>";
		};
		BA782BCF293E4F88009C80D0 /* short */ = {
			isa = PBXGroup;
			children = (
				BA782BE1293E507E009C80D0 /* Extensions */,
				BA782BE2293E50A4009C80D0 /* Services */,
				BA782BE0293E506F009C80D0 /* Model */,
				BA782BDF293E505F009C80D0 /* ViewModel */,
				BA782BDE293E5055009C80D0 /* Views */,
				BA782BD0293E4F88009C80D0 /* shortApp.swift */,
				BA782BD2293E4F88009C80D0 /* ContentView.swift */,
				BA782BD4293E4F8D009C80D0 /* Assets.xcassets */,
				BA782BD6293E4F8D009C80D0 /* Preview Content */,
			);
			path = short;
			sourceTree = "<group>";
		};
		BA782BD6293E4F8D009C80D0 /* Preview Content */ = {
			isa = PBXGroup;
			children = (
				BA782BD7293E4F8D009C80D0 /* Preview Assets.xcassets */,
			);
			path = "Preview Content";
			sourceTree = "<group>";
		};
		BA782BDE293E5055009C80D0 /* Views */ = {
			isa = PBXGroup;
			children = (
				BA782BEB293E51A5009C80D0 /* Main */,
				BA782BEA293E519B009C80D0 /* Feed */,
				BA782BE9293E5190009C80D0 /* Search */,
				BA782BE8293E5180009C80D0 /* Notifications */,
				BA782BE7293E5162009C80D0 /* Messages */,
				BA782BE6293E5143009C80D0 /* Authentication */,
				BA782BE5293E5137009C80D0 /* Post */,
				BA782BE4293E512A009C80D0 /* Items */,
				BA782BE3293E511E009C80D0 /* Profile */,
			);
			path = Views;
			sourceTree = "<group>";
		};
		BA782BDF293E505F009C80D0 /* ViewModel */ = {
			isa = PBXGroup;
			children = (
			);
			path = ViewModel;
			sourceTree = "<group>";
		};
		BA782BE0293E506F009C80D0 /* Model */ = {
			isa = PBXGroup;
			children = (
			);
			path = Model;
			sourceTree = "<group>";
		};
		BA782BE1293E507E009C80D0 /* Extensions */ = {
			isa = PBXGroup;
			children = (
				BA782C022942BE6D009C80D0 /* Extensions.swift */,
			);
			path = Extensions;
			sourceTree = "<group>";
		};
		BA782BE2293E50A4009C80D0 /* Services */ = {
			isa = PBXGroup;
			children = (
			);
			path = Services;
			sourceTree = "<group>";
		};
		BA782BE3293E511E009C80D0 /* Profile */ = {
			isa = PBXGroup;
			children = (
			);
			path = Profile;
			sourceTree = "<group>";
		};
		BA782BE4293E512A009C80D0 /* Items */ = {
			isa = PBXGroup;
			children = (
				BA782BFE2942458D009C80D0 /* SearchBar.swift */,
				BA782BF8293EEFE0009C80D0 /* MultiLineTextField.swift */,
			);
			path = Items;
			sourceTree = "<group>";
		};
		BA782BE5293E5137009C80D0 /* Post */ = {
			isa = PBXGroup;
			children = (
				BA782BF6293EEDEF009C80D0 /* CreateShortView.swift */,
			);
			path = Post;
			sourceTree = "<group>";
		};
		BA782BE6293E5143009C80D0 /* Authentication */ = {
			isa = PBXGroup;
			children = (
			);
			path = Authentication;
			sourceTree = "<group>";
		};
		BA782BE7293E5162009C80D0 /* Messages */ = {
			isa = PBXGroup;
			children = (
				BA782BF4293EE392009C80D0 /* Messages.swift */,
			);
			path = Messages;
			sourceTree = "<group>";
		};
		BA782BE8293E5180009C80D0 /* Notifications */ = {
			isa = PBXGroup;
			children = (
				BA782BF2293EE384009C80D0 /* Notificaations.swift */,
			);
			path = Notifications;
			sourceTree = "<group>";
		};
		BA782BE9293E5190009C80D0 /* Search */ = {
			isa = PBXGroup;
			children = (
				BA782BF0293EE36E009C80D0 /* Search.swift */,
				BA782BFC2940F992009C80D0 /* SearchCell.swift */,
				BA782C0029424D82009C80D0 /* UserCell.swift */,
			);
			path = Search;
			sourceTree = "<group>";
		};
		BA782BEA293E519B009C80D0 /* Feed */ = {
			isa = PBXGroup;
			children = (
				BA782BEE293EE35C009C80D0 /* Feed.swift */,
				BA782BFA293F943A009C80D0 /* ShortCellView.swift */,
			);
			path = Feed;
			sourceTree = "<group>";
		};
		BA782BEB293E51A5009C80D0 /* Main */ = {
			isa = PBXGroup;
			children = (
				BA782BEC293E5253009C80D0 /* Home.swift */,
			);
			path = Main;
			sourceTree = "<group>";
		};
/* End PBXGroup section */

/* Begin PBXNativeTarget section */
		BA782BCC293E4F88009C80D0 /* short */ = {
			isa = PBXNativeTarget;
			buildConfigurationList = BA782BDB293E4F8D009C80D0 /* Build configuration list for PBXNativeTarget "short" */;
			buildPhases = (
				BA782BC9293E4F88009C80D0 /* Sources */,
				BA782BCA293E4F88009C80D0 /* Frameworks */,
				BA782BCB293E4F88009C80D0 /* Resources */,
			);
			buildRules = (
			);
			dependencies = (
			);
			name = short;
			productName = short;
			productReference = BA782BCD293E4F88009C80D0 /* short.app */;
			productType = "com.apple.product-type.application";
		};
/* End PBXNativeTarget section */

/* Begin PBXProject section */
		BA782BC5293E4F88009C80D0 /* Project object */ = {
			isa = PBXProject;
			attributes = {
				BuildIndependentTargetsInParallel = 1;
				LastSwiftUpdateCheck = 1410;
				LastUpgradeCheck = 1410;
				TargetAttributes = {
					BA782BCC293E4F88009C80D0 = {
						CreatedOnToolsVersion = 14.1;
					};
				};
			};
			buildConfigurationList = BA782BC8293E4F88009C80D0 /* Build configuration list for PBXProject "short" */;
			compatibilityVersion = "Xcode 14.0";
			developmentRegion = en;
			hasScannedForEncodings = 0;
			knownRegions = (
				en,
				Base,
			);
			mainGroup = BA782BC4293E4F88009C80D0;
			productRefGroup = BA782BCE293E4F88009C80D0 /* Products */;
			projectDirPath = "";
			projectRoot = "";
			targets = (
				BA782BCC293E4F88009C80D0 /* short */,
			);
		};
/* End PBXProject section */

/* Begin PBXResourcesBuildPhase section */
		BA782BCB293E4F88009C80D0 /* Resources */ = {
			isa = PBXResourcesBuildPhase;
			buildActionMask = 2147483647;
			files = (
				BA782BD8293E4F8D009C80D0 /* Preview Assets.xcassets in Resources */,
				BA782BD5293E4F8D009C80D0 /* Assets.xcassets in Resources */,
			);
			runOnlyForDeploymentPostprocessing = 0;
		};
/* End PBXResourcesBuildPhase section */

/* Begin PBXSourcesBuildPhase section */
		BA782BC9293E4F88009C80D0 /* Sources */ = {
			isa = PBXSourcesBuildPhase;
			buildActionMask = 2147483647;
			files = (
				BA782BD3293E4F88009C80D0 /* ContentView.swift in Sources */,
				BA782C0129424D82009C80D0 /* UserCell.swift in Sources */,
				BA782BFD2940F992009C80D0 /* SearchCell.swift in Sources */,
				BA782BEF293EE35D009C80D0 /* Feed.swift in Sources */,
				BA782BF1293EE36E009C80D0 /* Search.swift in Sources */,
				BA782BF5293EE392009C80D0 /* Messages.swift in Sources */,
				BA782BFF2942458D009C80D0 /* SearchBar.swift in Sources */,
				BA782BF9293EEFE0009C80D0 /* MultiLineTextField.swift in Sources */,
				BA782BFB293F943A009C80D0 /* ShortCellView.swift in Sources */,
				BA782BED293E5253009C80D0 /* Home.swift in Sources */,
				BA782BF3293EE384009C80D0 /* Notificaations.swift in Sources */,
				BA782BD1293E4F88009C80D0 /* shortApp.swift in Sources */,
				BA782BF7293EEDEF009C80D0 /* CreateShortView.swift in Sources */,
				BA782C032942BE6D009C80D0 /* Extensions.swift in Sources */,
			);
			runOnlyForDeploymentPostprocessing = 0;
		};
/* End PBXSourcesBuildPhase section */

/* Begin XCBuildConfiguration section */
		BA782BD9293E4F8D009C80D0 /* Debug */ = {
			isa = XCBuildConfiguration;
			buildSettings = {
				ALWAYS_SEARCH_USER_PATHS = NO;
				CLANG_ANALYZER_NONNULL = YES;
				CLANG_ANALYZER_NUMBER_OBJECT_CONVERSION = YES_AGGRESSIVE;
				CLANG_CXX_LANGUAGE_STANDARD = "gnu++20";
				CLANG_ENABLE_MODULES = YES;
				CLANG_ENABLE_OBJC_ARC = YES;
				CLANG_ENABLE_OBJC_WEAK = YES;
				CLANG_WARN_BLOCK_CAPTURE_AUTORELEASING = YES;
				CLANG_WARN_BOOL_CONVERSION = YES;
				CLANG_WARN_COMMA = YES;
				CLANG_WARN_CONSTANT_CONVERSION = YES;
				CLANG_WARN_DEPRECATED_OBJC_IMPLEMENTATIONS = YES;
				CLANG_WARN_DIRECT_OBJC_ISA_USAGE = YES_ERROR;
				CLANG_WARN_DOCUMENTATION_COMMENTS = YES;
				CLANG_WARN_EMPTY_BODY = YES;
				CLANG_WARN_ENUM_CONVERSION = YES;
				CLANG_WARN_INFINITE_RECURSION = YES;
				CLANG_WARN_INT_CONVERSION = YES;
				CLANG_WARN_NON_LITERAL_NULL_CONVERSION = YES;
				CLANG_WARN_OBJC_IMPLICIT_RETAIN_SELF = YES;
				CLANG_WARN_OBJC_LITERAL_CONVERSION = YES;
				CLANG_WARN_OBJC_ROOT_CLASS = YES_ERROR;
				CLANG_WARN_QUOTED_INCLUDE_IN_FRAMEWORK_HEADER = YES;
				CLANG_WARN_RANGE_LOOP_ANALYSIS = YES;
				CLANG_WARN_STRICT_PROTOTYPES = YES;
				CLANG_WARN_SUSPICIOUS_MOVE = YES;
				CLANG_WARN_UNGUARDED_AVAILABILITY = YES_AGGRESSIVE;
				CLANG_WARN_UNREACHABLE_CODE = YES;
				CLANG_WARN__DUPLICATE_METHOD_MATCH = YES;
				COPY_PHASE_STRIP = NO;
				DEBUG_INFORMATION_FORMAT = dwarf;
				ENABLE_STRICT_OBJC_MSGSEND = YES;
				ENABLE_TESTABILITY = YES;
				GCC_C_LANGUAGE_STANDARD = gnu11;
				GCC_DYNAMIC_NO_PIC = NO;
				GCC_NO_COMMON_BLOCKS = YES;
				GCC_OPTIMIZATION_LEVEL = 0;
				GCC_PREPROCESSOR_DEFINITIONS = (
					"DEBUG=1",
					"$(inherited)",
				);
				GCC_WARN_64_TO_32_BIT_CONVERSION = YES;
				GCC_WARN_ABOUT_RETURN_TYPE = YES_ERROR;
				GCC_WARN_UNDECLARED_SELECTOR = YES;
				GCC_WARN_UNINITIALIZED_AUTOS = YES_AGGRESSIVE;
				GCC_WARN_UNUSED_FUNCTION = YES;
				GCC_WARN_UNUSED_VARIABLE = YES;
				IPHONEOS_DEPLOYMENT_TARGET = 16.1;
				MTL_ENABLE_DEBUG_INFO = INCLUDE_SOURCE;
				MTL_FAST_MATH = YES;
				ONLY_ACTIVE_ARCH = YES;
				SDKROOT = iphoneos;
				SWIFT_ACTIVE_COMPILATION_CONDITIONS = DEBUG;
				SWIFT_OPTIMIZATION_LEVEL = "-Onone";
			};
			name = Debug;
		};
		BA782BDA293E4F8D009C80D0 /* Release */ = {
			isa = XCBuildConfiguration;
			buildSettings = {
				ALWAYS_SEARCH_USER_PATHS = NO;
				CLANG_ANALYZER_NONNULL = YES;
				CLANG_ANALYZER_NUMBER_OBJECT_CONVERSION = YES_AGGRESSIVE;
				CLANG_CXX_LANGUAGE_STANDARD = "gnu++20";
				CLANG_ENABLE_MODULES = YES;
				CLANG_ENABLE_OBJC_ARC = YES;
				CLANG_ENABLE_OBJC_WEAK = YES;
				CLANG_WARN_BLOCK_CAPTURE_AUTORELEASING = YES;
				CLANG_WARN_BOOL_CONVERSION = YES;
				CLANG_WARN_COMMA = YES;
				CLANG_WARN_CONSTANT_CONVERSION = YES;
				CLANG_WARN_DEPRECATED_OBJC_IMPLEMENTATIONS = YES;
				CLANG_WARN_DIRECT_OBJC_ISA_USAGE = YES_ERROR;
				CLANG_WARN_DOCUMENTATION_COMMENTS = YES;
				CLANG_WARN_EMPTY_BODY = YES;
				CLANG_WARN_ENUM_CONVERSION = YES;
				CLANG_WARN_INFINITE_RECURSION = YES;
				CLANG_WARN_INT_CONVERSION = YES;
				CLANG_WARN_NON_LITERAL_NULL_CONVERSION = YES;
				CLANG_WARN_OBJC_IMPLICIT_RETAIN_SELF = YES;
				CLANG_WARN_OBJC_LITERAL_CONVERSION = YES;
				CLANG_WARN_OBJC_ROOT_CLASS = YES_ERROR;
				CLANG_WARN_QUOTED_INCLUDE_IN_FRAMEWORK_HEADER = YES;
				CLANG_WARN_RANGE_LOOP_ANALYSIS = YES;
				CLANG_WARN_STRICT_PROTOTYPES = YES;
				CLANG_WARN_SUSPICIOUS_MOVE = YES;
				CLANG_WARN_UNGUARDED_AVAILABILITY = YES_AGGRESSIVE;
				CLANG_WARN_UNREACHABLE_CODE = YES;
				CLANG_WARN__DUPLICATE_METHOD_MATCH = YES;
				COPY_PHASE_STRIP = NO;
				DEBUG_INFORMATION_FORMAT = "dwarf-with-dsym";
				ENABLE_NS_ASSERTIONS = NO;
				ENABLE_STRICT_OBJC_MSGSEND = YES;
				GCC_C_LANGUAGE_STANDARD = gnu11;
				GCC_NO_COMMON_BLOCKS = YES;
				GCC_WARN_64_TO_32_BIT_CONVERSION = YES;
				GCC_WARN_ABOUT_RETURN_TYPE = YES_ERROR;
				GCC_WARN_UNDECLARED_SELECTOR = YES;
				GCC_WARN_UNINITIALIZED_AUTOS = YES_AGGRESSIVE;
				GCC_WARN_UNUSED_FUNCTION = YES;
				GCC_WARN_UNUSED_VARIABLE = YES;
				IPHONEOS_DEPLOYMENT_TARGET = 16.1;
				MTL_ENABLE_DEBUG_INFO = NO;
				MTL_FAST_MATH = YES;
				SDKROOT = iphoneos;
				SWIFT_COMPILATION_MODE = wholemodule;
				SWIFT_OPTIMIZATION_LEVEL = "-O";
				VALIDATE_PRODUCT = YES;
			};
			name = Release;
		};
		BA782BDC293E4F8D009C80D0 /* Debug */ = {
			isa = XCBuildConfiguration;
			buildSettings = {
				ASSETCATALOG_COMPILER_APPICON_NAME = AppIcon;
				ASSETCATALOG_COMPILER_GLOBAL_ACCENT_COLOR_NAME = AccentColor;
				CODE_SIGN_STYLE = Automatic;
				CURRENT_PROJECT_VERSION = 1;
				DEVELOPMENT_ASSET_PATHS = "\"short/Preview Content\"";
				DEVELOPMENT_TEAM = 5HN3NYZH77;
				ENABLE_PREVIEWS = YES;
				GENERATE_INFOPLIST_FILE = YES;
				INFOPLIST_KEY_UIApplicationSceneManifest_Generation = YES;
				INFOPLIST_KEY_UIApplicationSupportsIndirectInputEvents = YES;
				INFOPLIST_KEY_UILaunchScreen_Generation = YES;
				INFOPLIST_KEY_UISupportedInterfaceOrientations_iPad = "UIInterfaceOrientationPortrait UIInterfaceOrientationPortraitUpsideDown UIInterfaceOrientationLandscapeLeft UIInterfaceOrientationLandscapeRight";
				INFOPLIST_KEY_UISupportedInterfaceOrientations_iPhone = "UIInterfaceOrientationPortrait UIInterfaceOrientationLandscapeLeft UIInterfaceOrientationLandscapeRight";
				LD_RUNPATH_SEARCH_PATHS = (
					"$(inherited)",
					"@executable_path/Frameworks",
				);
				MARKETING_VERSION = 1.0;
				PRODUCT_BUNDLE_IDENTIFIER = com.offcarlospetit.short;
				PRODUCT_NAME = "$(TARGET_NAME)";
				SWIFT_EMIT_LOC_STRINGS = YES;
				SWIFT_VERSION = 5.0;
				TARGETED_DEVICE_FAMILY = "1,2";
			};
			name = Debug;
		};
		BA782BDD293E4F8D009C80D0 /* Release */ = {
			isa = XCBuildConfiguration;
			buildSettings = {
				ASSETCATALOG_COMPILER_APPICON_NAME = AppIcon;
				ASSETCATALOG_COMPILER_GLOBAL_ACCENT_COLOR_NAME = AccentColor;
				CODE_SIGN_STYLE = Automatic;
				CURRENT_PROJECT_VERSION = 1;
				DEVELOPMENT_ASSET_PATHS = "\"short/Preview Content\"";
				DEVELOPMENT_TEAM = 5HN3NYZH77;
				ENABLE_PREVIEWS = YES;
				GENERATE_INFOPLIST_FILE = YES;
				INFOPLIST_KEY_UIApplicationSceneManifest_Generation = YES;
				INFOPLIST_KEY_UIApplicationSupportsIndirectInputEvents = YES;
				INFOPLIST_KEY_UILaunchScreen_Generation = YES;
				INFOPLIST_KEY_UISupportedInterfaceOrientations_iPad = "UIInterfaceOrientationPortrait UIInterfaceOrientationPortraitUpsideDown UIInterfaceOrientationLandscapeLeft UIInterfaceOrientationLandscapeRight";
				INFOPLIST_KEY_UISupportedInterfaceOrientations_iPhone = "UIInterfaceOrientationPortrait UIInterfaceOrientationLandscapeLeft UIInterfaceOrientationLandscapeRight";
				LD_RUNPATH_SEARCH_PATHS = (
					"$(inherited)",
					"@executable_path/Frameworks",
				);
				MARKETING_VERSION = 1.0;
				PRODUCT_BUNDLE_IDENTIFIER = com.offcarlospetit.short;
				PRODUCT_NAME = "$(TARGET_NAME)";
				SWIFT_EMIT_LOC_STRINGS = YES;
				SWIFT_VERSION = 5.0;
				TARGETED_DEVICE_FAMILY = "1,2";
			};
			name = Release;
		};
/* End XCBuildConfiguration section */

/* Begin XCConfigurationList section */
		BA782BC8293E4F88009C80D0 /* Build configuration list for PBXProject "short" */ = {
			isa = XCConfigurationList;
			buildConfigurations = (
				BA782BD9293E4F8D009C80D0 /* Debug */,
				BA782BDA293E4F8D009C80D0 /* Release */,
			);
			defaultConfigurationIsVisible = 0;
			defaultConfigurationName = Release;
		};
		BA782BDB293E4F8D009C80D0 /* Build configuration list for PBXNativeTarget "short" */ = {
			isa = XCConfigurationList;
			buildConfigurations = (
				BA782BDC293E4F8D009C80D0 /* Debug */,
				BA782BDD293E4F8D009C80D0 /* Release */,
			);
			defaultConfigurationIsVisible = 0;
			defaultConfigurationName = Release;
		};
/* End XCConfigurationList section */
	};
	rootObject = BA782BC5293E4F88009C80D0 /* Project object */;
}
